
Microsoft Visual Studio Solution File, Format Version 12.00
# Visual Studio Version 16
VisualStudioVersion = 16.0.31702.278
MinimumVisualStudioVersion = 10.0.40219.1
Project("{FAE04EC0-301F-11D3-BF4B-00C04F79EFBC}") = "CustomerList_DB", "CustomerList_DB\CustomerList_DB.csproj", "{FAF03961-24BC-4EF9-9AD8-B9EFA6B0A507}"
EndProject
Global
	GlobalSection(SolutionConfigurationPlatforms) = preSolution
		Debug|Any CPU = Debug|Any CPU
		Release|Any CPU = Release|Any CPU
	EndGlobalSection
	GlobalSection(ProjectConfigurationPlatforms) = postSolution
		{FAF03961-24BC-4EF9-9AD8-B9EFA6B0A507}.Debug|Any CPU.ActiveCfg = Debug|Any CPU
		{FAF03961-24BC-4EF9-9AD8-B9EFA6B0A507}.Debug|Any CPU.Build.0 = Debug|Any CPU
		{FAF03961-24BC-4EF9-9AD8-B9EFA6B0A507}.Release|Any CPU.ActiveCfg = Release|Any CPU
		{FAF03961-24BC-4EF9-9AD8-B9EFA6B0A507}.Release|Any CPU.Build.0 = Release|Any CPU
	EndGlobalSection
	GlobalSection(SolutionProperties) = preSolution
		HideSolutionNode = FALSE
	EndGlobalSection
	GlobalSection(ExtensibilityGlobals) = postSolution
		SolutionGuid = {7D6A1DE8-E478-4A17-ABE3-91F3915F90D0}
	EndGlobalSection
EndGlobal
